
Microsoft Visual Studio Solution File, Format Version 12.00
# Visual Studio Version 17
VisualStudioVersion = 17.0.31903.59
MinimumVisualStudioVersion = 10.0.40219.1
Project("{FAE04EC0-301F-11D3-BF4B-00C04F79EFBC}") = "TravelAggregator.Service", "TravelAggregator.Service\TravelAggregator.Service.csproj", "{BDBEE651-DC8D-4AA2-BB78-CA095A53C84E}"
EndProject
Project("{FAE04EC0-301F-11D3-BF4B-00C04F79EFBC}") = "TravelAggregator.Examples", "TravelAggregator.Examples\TravelAggregator.Examples.csproj", "{519BC17A-2330-4BD5-915D-BDB7CB2C6A7A}"
EndProject
Global
	GlobalSection(SolutionConfigurationPlatforms) = preSolution
		Debug|Any CPU = Debug|Any CPU
		Release|Any CPU = Release|Any CPU
	EndGlobalSection
	GlobalSection(SolutionProperties) = preSolution
		HideSolutionNode = FALSE
	EndGlobalSection
	GlobalSection(ProjectConfigurationPlatforms) = postSolution
		{BDBEE651-DC8D-4AA2-BB78-CA095A53C84E}.Debug|Any CPU.ActiveCfg = Debug|Any CPU
		{BDBEE651-DC8D-4AA2-BB78-CA095A53C84E}.Debug|Any CPU.Build.0 = Debug|Any CPU
		{BDBEE651-DC8D-4AA2-BB78-CA095A53C84E}.Release|Any CPU.ActiveCfg = Release|Any CPU
		{BDBEE651-DC8D-4AA2-BB78-CA095A53C84E}.Release|Any CPU.Build.0 = Release|Any CPU
		{519BC17A-2330-4BD5-915D-BDB7CB2C6A7A}.Debug|Any CPU.ActiveCfg = Debug|Any CPU
		{519BC17A-2330-4BD5-915D-BDB7CB2C6A7A}.Debug|Any CPU.Build.0 = Debug|Any CPU
		{519BC17A-2330-4BD5-915D-BDB7CB2C6A7A}.Release|Any CPU.ActiveCfg = Release|Any CPU
		{519BC17A-2330-4BD5-915D-BDB7CB2C6A7A}.Release|Any CPU.Build.0 = Release|Any CPU
	EndGlobalSection
EndGlobal

